
Microsoft Visual Studio Solution File, Format Version 12.00
# Visual Studio Version 17
VisualStudioVersion = 17.6.33815.320
MinimumVisualStudioVersion = 10.0.40219.1
Project("{FAE04EC0-301F-11D3-BF4B-00C04F79EFBC}") = "Capstone.Database", "Capstone.Database\Capstone.Database.csproj", "{B2335FF9-19EA-40A7-8E74-F6DB59130892}"
EndProject
Project("{FAE04EC0-301F-11D3-BF4B-00C04F79EFBC}") = "Capstone.Contract", "Capstone.Contract\Capstone.Contract.csproj", "{6998EAEE-93E9-4E54-906D-0684A6946DD6}"
EndProject
Project("{FAE04EC0-301F-11D3-BF4B-00C04F79EFBC}") = "Capstone.Domain", "Capstone.Domain\Capstone.Domain.csproj", "{19B48ECB-5238-44F4-80BA-48BEB102FF1E}"
EndProject
Project("{FAE04EC0-301F-11D3-BF4B-00C04F79EFBC}") = "Capstone.Business", "Capstone.Business\Capstone.Business.csproj", "{F458DE9B-C22D-4598-8C8B-B62CAD7848B5}"
EndProject
Project("{FAE04EC0-301F-11D3-BF4B-00C04F79EFBC}") = "Capstone.Application", "Capstone.Application\Capstone.Application.csproj", "{B50C4D5C-9770-49AB-A824-EEEB1AC3FDBD}"
EndProject
Global
	GlobalSection(SolutionConfigurationPlatforms) = preSolution
		Debug|Any CPU = Debug|Any CPU
		Release|Any CPU = Release|Any CPU
	EndGlobalSection
	GlobalSection(ProjectConfigurationPlatforms) = postSolution
		{B2335FF9-19EA-40A7-8E74-F6DB59130892}.Debug|Any CPU.ActiveCfg = Debug|Any CPU
		{B2335FF9-19EA-40A7-8E74-F6DB59130892}.Debug|Any CPU.Build.0 = Debug|Any CPU
		{B2335FF9-19EA-40A7-8E74-F6DB59130892}.Release|Any CPU.ActiveCfg = Release|Any CPU
		{B2335FF9-19EA-40A7-8E74-F6DB59130892}.Release|Any CPU.Build.0 = Release|Any CPU
		{6998EAEE-93E9-4E54-906D-0684A6946DD6}.Debug|Any CPU.ActiveCfg = Debug|Any CPU
		{6998EAEE-93E9-4E54-906D-0684A6946DD6}.Debug|Any CPU.Build.0 = Debug|Any CPU
		{6998EAEE-93E9-4E54-906D-0684A6946DD6}.Release|Any CPU.ActiveCfg = Release|Any CPU
		{6998EAEE-93E9-4E54-906D-0684A6946DD6}.Release|Any CPU.Build.0 = Release|Any CPU
		{19B48ECB-5238-44F4-80BA-48BEB102FF1E}.Debug|Any CPU.ActiveCfg = Debug|Any CPU
		{19B48ECB-5238-44F4-80BA-48BEB102FF1E}.Debug|Any CPU.Build.0 = Debug|Any CPU
		{19B48ECB-5238-44F4-80BA-48BEB102FF1E}.Release|Any CPU.ActiveCfg = Release|Any CPU
		{19B48ECB-5238-44F4-80BA-48BEB102FF1E}.Release|Any CPU.Build.0 = Release|Any CPU
		{F458DE9B-C22D-4598-8C8B-B62CAD7848B5}.Debug|Any CPU.ActiveCfg = Debug|Any CPU
		{F458DE9B-C22D-4598-8C8B-B62CAD7848B5}.Debug|Any CPU.Build.0 = Debug|Any CPU
		{F458DE9B-C22D-4598-8C8B-B62CAD7848B5}.Release|Any CPU.ActiveCfg = Release|Any CPU
		{F458DE9B-C22D-4598-8C8B-B62CAD7848B5}.Release|Any CPU.Build.0 = Release|Any CPU
		{B50C4D5C-9770-49AB-A824-EEEB1AC3FDBD}.Debug|Any CPU.ActiveCfg = Debug|Any CPU
		{B50C4D5C-9770-49AB-A824-EEEB1AC3FDBD}.Debug|Any CPU.Build.0 = Debug|Any CPU
		{B50C4D5C-9770-49AB-A824-EEEB1AC3FDBD}.Release|Any CPU.ActiveCfg = Release|Any CPU
		{B50C4D5C-9770-49AB-A824-EEEB1AC3FDBD}.Release|Any CPU.Build.0 = Release|Any CPU
	EndGlobalSection
	GlobalSection(SolutionProperties) = preSolution
		HideSolutionNode = FALSE
	EndGlobalSection
	GlobalSection(ExtensibilityGlobals) = postSolution
		SolutionGuid = {758C9884-83C5-41F4-8AAF-869AD141DC15}
	EndGlobalSection
EndGlobal
